// !$*UTF8*$!
{
	archiveVersion = 1;
	classes = {
	};
	objectVersion = 55;
	objects = {

/* Begin PBXBuildFile section */
		4AB1CD7228A56BCB00FD3BDB /* Timer_SwiftUIApp.swift in Sources */ = {isa = PBXBuildFile; fileRef = 4AB1CD7128A56BCB00FD3BDB /* Timer_SwiftUIApp.swift */; };
		4AB1CD7428A56BCB00FD3BDB /* ContentView.swift in Sources */ = {isa = PBXBuildFile; fileRef = 4AB1CD7328A56BCB00FD3BDB /* ContentView.swift */; };
		4AB1CD7628A56BCE00FD3BDB /* Assets.xcassets in Resources */ = {isa = PBXBuildFile; fileRef = 4AB1CD7528A56BCE00FD3BDB /* Assets.xcassets */; };
		4AB1CD7928A56BCE00FD3BDB /* Preview Assets.xcassets in Resources */ = {isa = PBXBuildFile; fileRef = 4AB1CD7828A56BCE00FD3BDB /* Preview Assets.xcassets */; };
		4AB1CD7B28A56BCE00FD3BDB /* Persistence.swift in Sources */ = {isa = PBXBuildFile; fileRef = 4AB1CD7A28A56BCE00FD3BDB /* Persistence.swift */; };
		4AB1CD7E28A56BCE00FD3BDB /* Timer_SwiftUI.xcdatamodeld in Sources */ = {isa = PBXBuildFile; fileRef = 4AB1CD7C28A56BCE00FD3BDB /* Timer_SwiftUI.xcdatamodeld */; };
/* End PBXBuildFile section */

/* Begin PBXFileReference section */
		4AB1CD6E28A56BCB00FD3BDB /* Timer-SwiftUI.app */ = {isa = PBXFileReference; explicitFileType = wrapper.application; includeInIndex = 0; path = "Timer-SwiftUI.app"; sourceTree = BUILT_PRODUCTS_DIR; };
		4AB1CD7128A56BCB00FD3BDB /* Timer_SwiftUIApp.swift */ = {isa = PBXFileReference; lastKnownFileType = sourcecode.swift; path = Timer_SwiftUIApp.swift; sourceTree = "<group>"; };
		4AB1CD7328A56BCB00FD3BDB /* ContentView.swift */ = {isa = PBXFileReference; lastKnownFileType = sourcecode.swift; path = ContentView.swift; sourceTree = "<group>"; };
		4AB1CD7528A56BCE00FD3BDB /* Assets.xcassets */ = {isa = PBXFileReference; lastKnownFileType = folder.assetcatalog; path = Assets.xcassets; sourceTree = "<group>"; };
		4AB1CD7828A56BCE00FD3BDB /* Preview Assets.xcassets */ = {isa = PBXFileReference; lastKnownFileType = folder.assetcatalog; path = "Preview Assets.xcassets"; sourceTree = "<group>"; };
		4AB1CD7A28A56BCE00FD3BDB /* Persistence.swift */ = {isa = PBXFileReference; lastKnownFileType = sourcecode.swift; path = Persistence.swift; sourceTree = "<group>"; };
		4AB1CD7D28A56BCE00FD3BDB /* Timer_SwiftUI.xcdatamodel */ = {isa = PBXFileReference; lastKnownFileType = wrapper.xcdatamodel; path = Timer_SwiftUI.xcdatamodel; sourceTree = "<group>"; };
/* End PBXFileReference section */

/* Begin PBXFrameworksBuildPhase section */
		4AB1CD6B28A56BCB00FD3BDB /* Frameworks */ = {
			isa = PBXFrameworksBuildPhase;
			buildActionMask = 2147483647;
			files = (
			);
			runOnlyForDeploymentPostprocessing = 0;
		};
/* End PBXFrameworksBuildPhase section */

/* Begin PBXGroup section */
		4AB1CD6528A56BCB00FD3BDB = {
			isa = PBXGroup;
			children = (
				4AB1CD7028A56BCB00FD3BDB /* Timer-SwiftUI */,
				4AB1CD6F28A56BCB00FD3BDB /* Products */,
			);
			sourceTree = "<group>";
		};
		4AB1CD6F28A56BCB00FD3BDB /* Products */ = {
			isa = PBXGroup;
			children = (
				4AB1CD6E28A56BCB00FD3BDB /* Timer-SwiftUI.app */,
			);
			name = Products;
			sourceTree = "<group>";
		};
		4AB1CD7028A56BCB00FD3BDB /* Timer-SwiftUI */ = {
			isa = PBXGroup;
			children = (
				4AB1CD7128A56BCB00FD3BDB /* Timer_SwiftUIApp.swift */,
				4AB1CD7328A56BCB00FD3BDB /* ContentView.swift */,
				4AB1CD7528A56BCE00FD3BDB /* Assets.xcassets */,
				4AB1CD7A28A56BCE00FD3BDB /* Persistence.swift */,
				4AB1CD7C28A56BCE00FD3BDB /* Timer_SwiftUI.xcdatamodeld */,
				4AB1CD7728A56BCE00FD3BDB /* Preview Content */,
			);
			path = "Timer-SwiftUI";
			sourceTree = "<group>";
		};
		4AB1CD7728A56BCE00FD3BDB /* Preview Content */ = {
			isa = PBXGroup;
			children = (
				4AB1CD7828A56BCE00FD3BDB /* Preview Assets.xcassets */,
			);
			path = "Preview Content";
			sourceTree = "<group>";
		};
/* End PBXGroup section */

/* Begin PBXNativeTarget section */
		4AB1CD6D28A56BCB00FD3BDB /* Timer-SwiftUI */ = {
			isa = PBXNativeTarget;
			buildConfigurationList = 4AB1CD8128A56BCE00FD3BDB /* Build configuration list for PBXNativeTarget "Timer-SwiftUI" */;
			buildPhases = (
				4AB1CD6A28A56BCB00FD3BDB /* Sources */,
				4AB1CD6B28A56BCB00FD3BDB /* Frameworks */,
				4AB1CD6C28A56BCB00FD3BDB /* Resources */,
			);
			buildRules = (
			);
			dependencies = (
			);
			name = "Timer-SwiftUI";
			productName = "Timer-SwiftUI";
			productReference = 4AB1CD6E28A56BCB00FD3BDB /* Timer-SwiftUI.app */;
			productType = "com.apple.product-type.application";
		};
/* End PBXNativeTarget section */

/* Begin PBXProject section */
		4AB1CD6628A56BCB00FD3BDB /* Project object */ = {
			isa = PBXProject;
			attributes = {
				BuildIndependentTargetsInParallel = 1;
				LastSwiftUpdateCheck = 1340;
				LastUpgradeCheck = 1340;
				TargetAttributes = {
					4AB1CD6D28A56BCB00FD3BDB = {
						CreatedOnToolsVersion = 13.4.1;
					};
				};
			};
			buildConfigurationList = 4AB1CD6928A56BCB00FD3BDB /* Build configuration list for PBXProject "Timer-SwiftUI" */;
			compatibilityVersion = "Xcode 13.0";
			developmentRegion = en;
			hasScannedForEncodings = 0;
			knownRegions = (
				en,
				Base,
			);
			mainGroup = 4AB1CD6528A56BCB00FD3BDB;
			productRefGroup = 4AB1CD6F28A56BCB00FD3BDB /* Products */;
			projectDirPath = "";
			projectRoot = "";
			targets = (
				4AB1CD6D28A56BCB00FD3BDB /* Timer-SwiftUI */,
			);
		};
/* End PBXProject section */

/* Begin PBXResourcesBuildPhase section */
		4AB1CD6C28A56BCB00FD3BDB /* Resources */ = {
			isa = PBXResourcesBuildPhase;
			buildActionMask = 2147483647;
			files = (
				4AB1CD7928A56BCE00FD3BDB /* Preview Assets.xcassets in Resources */,
				4AB1CD7628A56BCE00FD3BDB /* Assets.xcassets in Resources */,
			);
			runOnlyForDeploymentPostprocessing = 0;
		};
/* End PBXResourcesBuildPhase section */

/* Begin PBXSourcesBuildPhase section */
		4AB1CD6A28A56BCB00FD3BDB /* Sources */ = {
			isa = PBXSourcesBuildPhase;
			buildActionMask = 2147483647;
			files = (
				4AB1CD7B28A56BCE00FD3BDB /* Persistence.swift in Sources */,
				4AB1CD7E28A56BCE00FD3BDB /* Timer_SwiftUI.xcdatamodeld in Sources */,
				4AB1CD7428A56BCB00FD3BDB /* ContentView.swift in Sources */,
				4AB1CD7228A56BCB00FD3BDB /* Timer_SwiftUIApp.swift in Sources */,
			);
			runOnlyForDeploymentPostprocessing = 0;
		};
/* End PBXSourcesBuildPhase section */

/* Begin XCBuildConfiguration section */
		4AB1CD7F28A56BCE00FD3BDB /* Debug */ = {
			isa = XCBuildConfiguration;
			buildSettings = {
				ALWAYS_SEARCH_USER_PATHS = NO;
				CLANG_ANALYZER_NONNULL = YES;
				CLANG_ANALYZER_NUMBER_OBJECT_CONVERSION = YES_AGGRESSIVE;
				CLANG_CXX_LANGUAGE_STANDARD = "gnu++17";
				CLANG_ENABLE_MODULES = YES;
				CLANG_ENABLE_OBJC_ARC = YES;
				CLANG_ENABLE_OBJC_WEAK = YES;
				CLANG_WARN_BLOCK_CAPTURE_AUTORELEASING = YES;
				CLANG_WARN_BOOL_CONVERSION = YES;
				CLANG_WARN_COMMA = YES;
				CLANG_WARN_CONSTANT_CONVERSION = YES;
				CLANG_WARN_DEPRECATED_OBJC_IMPLEMENTATIONS = YES;
				CLANG_WARN_DIRECT_OBJC_ISA_USAGE = YES_ERROR;
				CLANG_WARN_DOCUMENTATION_COMMENTS = YES;
				CLANG_WARN_EMPTY_BODY = YES;
				CLANG_WARN_ENUM_CONVERSION = YES;
				CLANG_WARN_INFINITE_RECURSION = YES;
				CLANG_WARN_INT_CONVERSION = YES;
				CLANG_WARN_NON_LITERAL_NULL_CONVERSION = YES;
				CLANG_WARN_OBJC_IMPLICIT_RETAIN_SELF = YES;
				CLANG_WARN_OBJC_LITERAL_CONVERSION = YES;
				CLANG_WARN_OBJC_ROOT_CLASS = YES_ERROR;
				CLANG_WARN_QUOTED_INCLUDE_IN_FRAMEWORK_HEADER = YES;
				CLANG_WARN_RANGE_LOOP_ANALYSIS = YES;
				CLANG_WARN_STRICT_PROTOTYPES = YES;
				CLANG_WARN_SUSPICIOUS_MOVE = YES;
				CLANG_WARN_UNGUARDED_AVAILABILITY = YES_AGGRESSIVE;
				CLANG_WARN_UNREACHABLE_CODE = YES;
				CLANG_WARN__DUPLICATE_METHOD_MATCH = YES;
				COPY_PHASE_STRIP = NO;
				DEBUG_INFORMATION_FORMAT = dwarf;
				ENABLE_STRICT_OBJC_MSGSEND = YES;
				ENABLE_TESTABILITY = YES;
				GCC_C_LANGUAGE_STANDARD = gnu11;
				GCC_DYNAMIC_NO_PIC = NO;
				GCC_NO_COMMON_BLOCKS = YES;
				GCC_OPTIMIZATION_LEVEL = 0;
				GCC_PREPROCESSOR_DEFINITIONS = (
					"DEBUG=1",
					"$(inherited)",
				);
				GCC_WARN_64_TO_32_BIT_CONVERSION = YES;
				GCC_WARN_ABOUT_RETURN_TYPE = YES_ERROR;
				GCC_WARN_UNDECLARED_SELECTOR = YES;
				GCC_WARN_UNINITIALIZED_AUTOS = YES_AGGRESSIVE;
				GCC_WARN_UNUSED_FUNCTION = YES;
				GCC_WARN_UNUSED_VARIABLE = YES;
				IPHONEOS_DEPLOYMENT_TARGET = 15.5;
				MTL_ENABLE_DEBUG_INFO = INCLUDE_SOURCE;
				MTL_FAST_MATH = YES;
				ONLY_ACTIVE_ARCH = YES;
				SDKROOT = iphoneos;
				SWIFT_ACTIVE_COMPILATION_CONDITIONS = DEBUG;
				SWIFT_OPTIMIZATION_LEVEL = "-Onone";
			};
			name = Debug;
		};
		4AB1CD8028A56BCE00FD3BDB /* Release */ = {
			isa = XCBuildConfiguration;
			buildSettings = {
				ALWAYS_SEARCH_USER_PATHS = NO;
				CLANG_ANALYZER_NONNULL = YES;
				CLANG_ANALYZER_NUMBER_OBJECT_CONVERSION = YES_AGGRESSIVE;
				CLANG_CXX_LANGUAGE_STANDARD = "gnu++17";
				CLANG_ENABLE_MODULES = YES;
				CLANG_ENABLE_OBJC_ARC = YES;
				CLANG_ENABLE_OBJC_WEAK = YES;
				CLANG_WARN_BLOCK_CAPTURE_AUTORELEASING = YES;
				CLANG_WARN_BOOL_CONVERSION = YES;
				CLANG_WARN_COMMA = YES;
				CLANG_WARN_CONSTANT_CONVERSION = YES;
				CLANG_WARN_DEPRECATED_OBJC_IMPLEMENTATIONS = YES;
				CLANG_WARN_DIRECT_OBJC_ISA_USAGE = YES_ERROR;
				CLANG_WARN_DOCUMENTATION_COMMENTS = YES;
				CLANG_WARN_EMPTY_BODY = YES;
				CLANG_WARN_ENUM_CONVERSION = YES;
				CLANG_WARN_INFINITE_RECURSION = YES;
				CLANG_WARN_INT_CONVERSION = YES;
				CLANG_WARN_NON_LITERAL_NULL_CONVERSION = YES;
				CLANG_WARN_OBJC_IMPLICIT_RETAIN_SELF = YES;
				CLANG_WARN_OBJC_LITERAL_CONVERSION = YES;
				CLANG_WARN_OBJC_ROOT_CLASS = YES_ERROR;
				CLANG_WARN_QUOTED_INCLUDE_IN_FRAMEWORK_HEADER = YES;
				CLANG_WARN_RANGE_LOOP_ANALYSIS = YES;
				CLANG_WARN_STRICT_PROTOTYPES = YES;
				CLANG_WARN_SUSPICIOUS_MOVE = YES;
				CLANG_WARN_UNGUARDED_AVAILABILITY = YES_AGGRESSIVE;
				CLANG_WARN_UNREACHABLE_CODE = YES;
				CLANG_WARN__DUPLICATE_METHOD_MATCH = YES;
				COPY_PHASE_STRIP = NO;
				DEBUG_INFORMATION_FORMAT = "dwarf-with-dsym";
				ENABLE_NS_ASSERTIONS = NO;
				ENABLE_STRICT_OBJC_MSGSEND = YES;
				GCC_C_LANGUAGE_STANDARD = gnu11;
				GCC_NO_COMMON_BLOCKS = YES;
				GCC_WARN_64_TO_32_BIT_CONVERSION = YES;
				GCC_WARN_ABOUT_RETURN_TYPE = YES_ERROR;
				GCC_WARN_UNDECLARED_SELECTOR = YES;
				GCC_WARN_UNINITIALIZED_AUTOS = YES_AGGRESSIVE;
				GCC_WARN_UNUSED_FUNCTION = YES;
				GCC_WARN_UNUSED_VARIABLE = YES;
				IPHONEOS_DEPLOYMENT_TARGET = 15.5;
				MTL_ENABLE_DEBUG_INFO = NO;
				MTL_FAST_MATH = YES;
				SDKROOT = iphoneos;
				SWIFT_COMPILATION_MODE = wholemodule;
				SWIFT_OPTIMIZATION_LEVEL = "-O";
				VALIDATE_PRODUCT = YES;
			};
			name = Release;
		};
		4AB1CD8228A56BCE00FD3BDB /* Debug */ = {
			isa = XCBuildConfiguration;
			buildSettings = {
				ASSETCATALOG_COMPILER_APPICON_NAME = AppIcon;
				ASSETCATALOG_COMPILER_GLOBAL_ACCENT_COLOR_NAME = AccentColor;
				CODE_SIGN_STYLE = Automatic;
				CURRENT_PROJECT_VERSION = 1;
				DEVELOPMENT_ASSET_PATHS = "\"Timer-SwiftUI/Preview Content\"";
				DEVELOPMENT_TEAM = H8TYQ3J2FN;
				ENABLE_PREVIEWS = YES;
				GENERATE_INFOPLIST_FILE = YES;
				INFOPLIST_KEY_UIApplicationSceneManifest_Generation = YES;
				INFOPLIST_KEY_UIApplicationSupportsIndirectInputEvents = YES;
				INFOPLIST_KEY_UILaunchScreen_Generation = YES;
				INFOPLIST_KEY_UISupportedInterfaceOrientations_iPad = "UIInterfaceOrientationPortrait UIInterfaceOrientationPortraitUpsideDown UIInterfaceOrientationLandscapeLeft UIInterfaceOrientationLandscapeRight";
				INFOPLIST_KEY_UISupportedInterfaceOrientations_iPhone = "UIInterfaceOrientationPortrait UIInterfaceOrientationLandscapeLeft UIInterfaceOrientationLandscapeRight";
				LD_RUNPATH_SEARCH_PATHS = (
					"$(inherited)",
					"@executable_path/Frameworks",
				);
				MARKETING_VERSION = 1.0;
				PRODUCT_BUNDLE_IDENTIFIER = "scg.Timer-SwiftUI";
				PRODUCT_NAME = "$(TARGET_NAME)";
				SWIFT_EMIT_LOC_STRINGS = YES;
				SWIFT_VERSION = 5.0;
				TARGETED_DEVICE_FAMILY = "1,2";
			};
			name = Debug;
		};
		4AB1CD8328A56BCE00FD3BDB /* Release */ = {
			isa = XCBuildConfiguration;
			buildSettings = {
				ASSETCATALOG_COMPILER_APPICON_NAME = AppIcon;
				ASSETCATALOG_COMPILER_GLOBAL_ACCENT_COLOR_NAME = AccentColor;
				CODE_SIGN_STYLE = Automatic;
				CURRENT_PROJECT_VERSION = 1;
				DEVELOPMENT_ASSET_PATHS = "\"Timer-SwiftUI/Preview Content\"";
				DEVELOPMENT_TEAM = H8TYQ3J2FN;
				ENABLE_PREVIEWS = YES;
				GENERATE_INFOPLIST_FILE = YES;
				INFOPLIST_KEY_UIApplicationSceneManifest_Generation = YES;
				INFOPLIST_KEY_UIApplicationSupportsIndirectInputEvents = YES;
				INFOPLIST_KEY_UILaunchScreen_Generation = YES;
				INFOPLIST_KEY_UISupportedInterfaceOrientations_iPad = "UIInterfaceOrientationPortrait UIInterfaceOrientationPortraitUpsideDown UIInterfaceOrientationLandscapeLeft UIInterfaceOrientationLandscapeRight";
				INFOPLIST_KEY_UISupportedInterfaceOrientations_iPhone = "UIInterfaceOrientationPortrait UIInterfaceOrientationLandscapeLeft UIInterfaceOrientationLandscapeRight";
				LD_RUNPATH_SEARCH_PATHS = (
					"$(inherited)",
					"@executable_path/Frameworks",
				);
				MARKETING_VERSION = 1.0;
				PRODUCT_BUNDLE_IDENTIFIER = "scg.Timer-SwiftUI";
				PRODUCT_NAME = "$(TARGET_NAME)";
				SWIFT_EMIT_LOC_STRINGS = YES;
				SWIFT_VERSION = 5.0;
				TARGETED_DEVICE_FAMILY = "1,2";
			};
			name = Release;
		};
/* End XCBuildConfiguration section */

/* Begin XCConfigurationList section */
		4AB1CD6928A56BCB00FD3BDB /* Build configuration list for PBXProject "Timer-SwiftUI" */ = {
			isa = XCConfigurationList;
			buildConfigurations = (
				4AB1CD7F28A56BCE00FD3BDB /* Debug */,
				4AB1CD8028A56BCE00FD3BDB /* Release */,
			);
			defaultConfigurationIsVisible = 0;
			defaultConfigurationName = Release;
		};
		4AB1CD8128A56BCE00FD3BDB /* Build configuration list for PBXNativeTarget "Timer-SwiftUI" */ = {
			isa = XCConfigurationList;
			buildConfigurations = (
				4AB1CD8228A56BCE00FD3BDB /* Debug */,
				4AB1CD8328A56BCE00FD3BDB /* Release */,
			);
			defaultConfigurationIsVisible = 0;
			defaultConfigurationName = Release;
		};
/* End XCConfigurationList section */

/* Begin XCVersionGroup section */
		4AB1CD7C28A56BCE00FD3BDB /* Timer_SwiftUI.xcdatamodeld */ = {
			isa = XCVersionGroup;
			children = (
				4AB1CD7D28A56BCE00FD3BDB /* Timer_SwiftUI.xcdatamodel */,
			);
			currentVersion = 4AB1CD7D28A56BCE00FD3BDB /* Timer_SwiftUI.xcdatamodel */;
			path = Timer_SwiftUI.xcdatamodeld;
			sourceTree = "<group>";
			versionGroupType = wrapper.xcdatamodel;
		};
/* End XCVersionGroup section */
	};
	rootObject = 4AB1CD6628A56BCB00FD3BDB /* Project object */;
}
